// !$*UTF8*$!
{
	archiveVersion = 1;
	classes = {
	};
	objectVersion = 50;
	objects = {

/* Begin PBXBuildFile section */
		2CC24DE92666D9EF009F3E1A /* AppDelegate.swift in Sources */ = {isa = PBXBuildFile; fileRef = 2CC24DE82666D9EF009F3E1A /* AppDelegate.swift */; };
		2CC24DEB2666D9EF009F3E1A /* SceneDelegate.swift in Sources */ = {isa = PBXBuildFile; fileRef = 2CC24DEA2666D9EF009F3E1A /* SceneDelegate.swift */; };
		2CC24DF22666D9F1009F3E1A /* Assets.xcassets in Resources */ = {isa = PBXBuildFile; fileRef = 2CC24DF12666D9F1009F3E1A /* Assets.xcassets */; };
		2CC24DF52666D9F1009F3E1A /* LaunchScreen.storyboard in Resources */ = {isa = PBXBuildFile; fileRef = 2CC24DF32666D9F1009F3E1A /* LaunchScreen.storyboard */; };
		2CC24E002666D9F1009F3E1A /* MultiThreadingTaskTests.swift in Sources */ = {isa = PBXBuildFile; fileRef = 2CC24DFF2666D9F1009F3E1A /* MultiThreadingTaskTests.swift */; };
		2CC24E0B2666D9F1009F3E1A /* MultiThreadingTaskUITests.swift in Sources */ = {isa = PBXBuildFile; fileRef = 2CC24E0A2666D9F1009F3E1A /* MultiThreadingTaskUITests.swift */; };
		2CC24E222666DA97009F3E1A /* Main.storyboard in Resources */ = {isa = PBXBuildFile; fileRef = 2CC24E212666DA97009F3E1A /* Main.storyboard */; };
		2CC24E272666DAA0009F3E1A /* ViewController.swift in Sources */ = {isa = PBXBuildFile; fileRef = 2CC24E262666DAA0009F3E1A /* ViewController.swift */; };
		5D5B9D890C29FA043995FE2A /* Pods_MultiThreadingTask.framework in Frameworks */ = {isa = PBXBuildFile; fileRef = 909A6CB4AA0BB3F0C78B0D11 /* Pods_MultiThreadingTask.framework */; };
		7B75220B6F9E141B437CBFC6 /* Pods_MultiThreadingTaskTests.framework in Frameworks */ = {isa = PBXBuildFile; fileRef = 8170F45944DA8409B8D7E363 /* Pods_MultiThreadingTaskTests.framework */; };
		C6BDE71A5AF8CA468656D184 /* Pods_MultiThreadingTask_MultiThreadingTaskUITests.framework in Frameworks */ = {isa = PBXBuildFile; fileRef = 15A78CDFC29EC9C015166646 /* Pods_MultiThreadingTask_MultiThreadingTaskUITests.framework */; };
/* End PBXBuildFile section */

/* Begin PBXContainerItemProxy section */
		2CC24DFC2666D9F1009F3E1A /* PBXContainerItemProxy */ = {
			isa = PBXContainerItemProxy;
			containerPortal = 2CC24DDD2666D9EF009F3E1A /* Project object */;
			proxyType = 1;
			remoteGlobalIDString = 2CC24DE42666D9EF009F3E1A;
			remoteInfo = MultiThreadingTask;
		};
		2CC24E072666D9F1009F3E1A /* PBXContainerItemProxy */ = {
			isa = PBXContainerItemProxy;
			containerPortal = 2CC24DDD2666D9EF009F3E1A /* Project object */;
			proxyType = 1;
			remoteGlobalIDString = 2CC24DE42666D9EF009F3E1A;
			remoteInfo = MultiThreadingTask;
		};
/* End PBXContainerItemProxy section */

/* Begin PBXFileReference section */
		03CF6D9B24EB7716871F3BB0 /* Pods-MultiThreadingTask-MultiThreadingTaskUITests.debug.xcconfig */ = {isa = PBXFileReference; includeInIndex = 1; lastKnownFileType = text.xcconfig; name = "Pods-MultiThreadingTask-MultiThreadingTaskUITests.debug.xcconfig"; path = "Target Support Files/Pods-MultiThreadingTask-MultiThreadingTaskUITests/Pods-MultiThreadingTask-MultiThreadingTaskUITests.debug.xcconfig"; sourceTree = "<group>"; };
		11F161201E1C0BF3572236FC /* Pods-MultiThreadingTaskTests.release.xcconfig */ = {isa = PBXFileReference; includeInIndex = 1; lastKnownFileType = text.xcconfig; name = "Pods-MultiThreadingTaskTests.release.xcconfig"; path = "Target Support Files/Pods-MultiThreadingTaskTests/Pods-MultiThreadingTaskTests.release.xcconfig"; sourceTree = "<group>"; };
		15A78CDFC29EC9C015166646 /* Pods_MultiThreadingTask_MultiThreadingTaskUITests.framework */ = {isa = PBXFileReference; explicitFileType = wrapper.framework; includeInIndex = 0; path = Pods_MultiThreadingTask_MultiThreadingTaskUITests.framework; sourceTree = BUILT_PRODUCTS_DIR; };
		2CC24DE52666D9EF009F3E1A /* MultiThreadingTask.app */ = {isa = PBXFileReference; explicitFileType = wrapper.application; includeInIndex = 0; path = MultiThreadingTask.app; sourceTree = BUILT_PRODUCTS_DIR; };
		2CC24DE82666D9EF009F3E1A /* AppDelegate.swift */ = {isa = PBXFileReference; lastKnownFileType = sourcecode.swift; path = AppDelegate.swift; sourceTree = "<group>"; };
		2CC24DEA2666D9EF009F3E1A /* SceneDelegate.swift */ = {isa = PBXFileReference; lastKnownFileType = sourcecode.swift; path = SceneDelegate.swift; sourceTree = "<group>"; };
		2CC24DF12666D9F1009F3E1A /* Assets.xcassets */ = {isa = PBXFileReference; lastKnownFileType = folder.assetcatalog; path = Assets.xcassets; sourceTree = "<group>"; };
		2CC24DF42666D9F1009F3E1A /* Base */ = {isa = PBXFileReference; lastKnownFileType = file.storyboard; name = Base; path = Base.lproj/LaunchScreen.storyboard; sourceTree = "<group>"; };
		2CC24DF62666D9F1009F3E1A /* Info.plist */ = {isa = PBXFileReference; lastKnownFileType = text.plist.xml; path = Info.plist; sourceTree = "<group>"; };
		2CC24DFB2666D9F1009F3E1A /* MultiThreadingTaskTests.xctest */ = {isa = PBXFileReference; explicitFileType = wrapper.cfbundle; includeInIndex = 0; path = MultiThreadingTaskTests.xctest; sourceTree = BUILT_PRODUCTS_DIR; };
		2CC24DFF2666D9F1009F3E1A /* MultiThreadingTaskTests.swift */ = {isa = PBXFileReference; lastKnownFileType = sourcecode.swift; path = MultiThreadingTaskTests.swift; sourceTree = "<group>"; };
		2CC24E012666D9F1009F3E1A /* Info.plist */ = {isa = PBXFileReference; lastKnownFileType = text.plist.xml; path = Info.plist; sourceTree = "<group>"; };
		2CC24E062666D9F1009F3E1A /* MultiThreadingTaskUITests.xctest */ = {isa = PBXFileReference; explicitFileType = wrapper.cfbundle; includeInIndex = 0; path = MultiThreadingTaskUITests.xctest; sourceTree = BUILT_PRODUCTS_DIR; };
		2CC24E0A2666D9F1009F3E1A /* MultiThreadingTaskUITests.swift */ = {isa = PBXFileReference; lastKnownFileType = sourcecode.swift; path = MultiThreadingTaskUITests.swift; sourceTree = "<group>"; };
		2CC24E0C2666D9F1009F3E1A /* Info.plist */ = {isa = PBXFileReference; lastKnownFileType = text.plist.xml; path = Info.plist; sourceTree = "<group>"; };
		2CC24E212666DA97009F3E1A /* Main.storyboard */ = {isa = PBXFileReference; fileEncoding = 4; lastKnownFileType = file.storyboard; path = Main.storyboard; sourceTree = "<group>"; };
		2CC24E262666DAA0009F3E1A /* ViewController.swift */ = {isa = PBXFileReference; fileEncoding = 4; lastKnownFileType = sourcecode.swift; path = ViewController.swift; sourceTree = "<group>"; };
		7B2809186144652419527B4A /* Pods-MultiThreadingTask.release.xcconfig */ = {isa = PBXFileReference; includeInIndex = 1; lastKnownFileType = text.xcconfig; name = "Pods-MultiThreadingTask.release.xcconfig"; path = "Target Support Files/Pods-MultiThreadingTask/Pods-MultiThreadingTask.release.xcconfig"; sourceTree = "<group>"; };
		8170F45944DA8409B8D7E363 /* Pods_MultiThreadingTaskTests.framework */ = {isa = PBXFileReference; explicitFileType = wrapper.framework; includeInIndex = 0; path = Pods_MultiThreadingTaskTests.framework; sourceTree = BUILT_PRODUCTS_DIR; };
		909A6CB4AA0BB3F0C78B0D11 /* Pods_MultiThreadingTask.framework */ = {isa = PBXFileReference; explicitFileType = wrapper.framework; includeInIndex = 0; path = Pods_MultiThreadingTask.framework; sourceTree = BUILT_PRODUCTS_DIR; };
		9B25F71F37E2128D7781ED0C /* Pods-MultiThreadingTaskTests.debug.xcconfig */ = {isa = PBXFileReference; includeInIndex = 1; lastKnownFileType = text.xcconfig; name = "Pods-MultiThreadingTaskTests.debug.xcconfig"; path = "Target Support Files/Pods-MultiThreadingTaskTests/Pods-MultiThreadingTaskTests.debug.xcconfig"; sourceTree = "<group>"; };
		B3FC398C7C7FD6B5AA2B1334 /* Pods-MultiThreadingTask.debug.xcconfig */ = {isa = PBXFileReference; includeInIndex = 1; lastKnownFileType = text.xcconfig; name = "Pods-MultiThreadingTask.debug.xcconfig"; path = "Target Support Files/Pods-MultiThreadingTask/Pods-MultiThreadingTask.debug.xcconfig"; sourceTree = "<group>"; };
		C15D28ADCD370EC511447546 /* Pods-MultiThreadingTask-MultiThreadingTaskUITests.release.xcconfig */ = {isa = PBXFileReference; includeInIndex = 1; lastKnownFileType = text.xcconfig; name = "Pods-MultiThreadingTask-MultiThreadingTaskUITests.release.xcconfig"; path = "Target Support Files/Pods-MultiThreadingTask-MultiThreadingTaskUITests/Pods-MultiThreadingTask-MultiThreadingTaskUITests.release.xcconfig"; sourceTree = "<group>"; };
/* End PBXFileReference section */

/* Begin PBXFrameworksBuildPhase section */
		2CC24DE22666D9EF009F3E1A /* Frameworks */ = {
			isa = PBXFrameworksBuildPhase;
			buildActionMask = 2147483647;
			files = (
				5D5B9D890C29FA043995FE2A /* Pods_MultiThreadingTask.framework in Frameworks */,
			);
			runOnlyForDeploymentPostprocessing = 0;
		};
		2CC24DF82666D9F1009F3E1A /* Frameworks */ = {
			isa = PBXFrameworksBuildPhase;
			buildActionMask = 2147483647;
			files = (
				7B75220B6F9E141B437CBFC6 /* Pods_MultiThreadingTaskTests.framework in Frameworks */,
			);
			runOnlyForDeploymentPostprocessing = 0;
		};
		2CC24E032666D9F1009F3E1A /* Frameworks */ = {
			isa = PBXFrameworksBuildPhase;
			buildActionMask = 2147483647;
			files = (
				C6BDE71A5AF8CA468656D184 /* Pods_MultiThreadingTask_MultiThreadingTaskUITests.framework in Frameworks */,
			);
			runOnlyForDeploymentPostprocessing = 0;
		};
/* End PBXFrameworksBuildPhase section */

/* Begin PBXGroup section */
		2CC24DDC2666D9EF009F3E1A = {
			isa = PBXGroup;
			children = (
				2CC24DE72666D9EF009F3E1A /* MultiThreadingTask */,
				2CC24DFE2666D9F1009F3E1A /* MultiThreadingTaskTests */,
				2CC24E092666D9F1009F3E1A /* MultiThreadingTaskUITests */,
				2CC24DE62666D9EF009F3E1A /* Products */,
				F147DA051591170BEDFFDFED /* Pods */,
				C01D61F0D8C06F08FC274B77 /* Frameworks */,
			);
			sourceTree = "<group>";
		};
		2CC24DE62666D9EF009F3E1A /* Products */ = {
			isa = PBXGroup;
			children = (
				2CC24DE52666D9EF009F3E1A /* MultiThreadingTask.app */,
				2CC24DFB2666D9F1009F3E1A /* MultiThreadingTaskTests.xctest */,
				2CC24E062666D9F1009F3E1A /* MultiThreadingTaskUITests.xctest */,
			);
			name = Products;
			sourceTree = "<group>";
		};
		2CC24DE72666D9EF009F3E1A /* MultiThreadingTask */ = {
			isa = PBXGroup;
			children = (
				2CC24DE82666D9EF009F3E1A /* AppDelegate.swift */,
				2CC24DEA2666D9EF009F3E1A /* SceneDelegate.swift */,
				2CC24E262666DAA0009F3E1A /* ViewController.swift */,
				2CC24E212666DA97009F3E1A /* Main.storyboard */,
				2CC24DF12666D9F1009F3E1A /* Assets.xcassets */,
				2CC24DF32666D9F1009F3E1A /* LaunchScreen.storyboard */,
				2CC24DF62666D9F1009F3E1A /* Info.plist */,
			);
			path = MultiThreadingTask;
			sourceTree = "<group>";
		};
		2CC24DFE2666D9F1009F3E1A /* MultiThreadingTaskTests */ = {
			isa = PBXGroup;
			children = (
				2CC24DFF2666D9F1009F3E1A /* MultiThreadingTaskTests.swift */,
				2CC24E012666D9F1009F3E1A /* Info.plist */,
			);
			path = MultiThreadingTaskTests;
			sourceTree = "<group>";
		};
		2CC24E092666D9F1009F3E1A /* MultiThreadingTaskUITests */ = {
			isa = PBXGroup;
			children = (
				2CC24E0A2666D9F1009F3E1A /* MultiThreadingTaskUITests.swift */,
				2CC24E0C2666D9F1009F3E1A /* Info.plist */,
			);
			path = MultiThreadingTaskUITests;
			sourceTree = "<group>";
		};
		C01D61F0D8C06F08FC274B77 /* Frameworks */ = {
			isa = PBXGroup;
			children = (
				909A6CB4AA0BB3F0C78B0D11 /* Pods_MultiThreadingTask.framework */,
				15A78CDFC29EC9C015166646 /* Pods_MultiThreadingTask_MultiThreadingTaskUITests.framework */,
				8170F45944DA8409B8D7E363 /* Pods_MultiThreadingTaskTests.framework */,
			);
			name = Frameworks;
			sourceTree = "<group>";
		};
		F147DA051591170BEDFFDFED /* Pods */ = {
			isa = PBXGroup;
			children = (
				B3FC398C7C7FD6B5AA2B1334 /* Pods-MultiThreadingTask.debug.xcconfig */,
				7B2809186144652419527B4A /* Pods-MultiThreadingTask.release.xcconfig */,
				03CF6D9B24EB7716871F3BB0 /* Pods-MultiThreadingTask-MultiThreadingTaskUITests.debug.xcconfig */,
				C15D28ADCD370EC511447546 /* Pods-MultiThreadingTask-MultiThreadingTaskUITests.release.xcconfig */,
				9B25F71F37E2128D7781ED0C /* Pods-MultiThreadingTaskTests.debug.xcconfig */,
				11F161201E1C0BF3572236FC /* Pods-MultiThreadingTaskTests.release.xcconfig */,
			);
			name = Pods;
			path = Pods;
			sourceTree = "<group>";
		};
/* End PBXGroup section */

/* Begin PBXNativeTarget section */
		2CC24DE42666D9EF009F3E1A /* MultiThreadingTask */ = {
			isa = PBXNativeTarget;
			buildConfigurationList = 2CC24E0F2666D9F1009F3E1A /* Build configuration list for PBXNativeTarget "MultiThreadingTask" */;
			buildPhases = (
				7C97136FD74191DF85FABF2A /* [CP] Check Pods Manifest.lock */,
				2CC24DE12666D9EF009F3E1A /* Sources */,
				2CC24DE22666D9EF009F3E1A /* Frameworks */,
				2CC24DE32666D9EF009F3E1A /* Resources */,
				74DC91F42732CA2CCE515482 /* [CP] Embed Pods Frameworks */,
			);
			buildRules = (
			);
			dependencies = (
			);
			name = MultiThreadingTask;
			productName = MultiThreadingTask;
			productReference = 2CC24DE52666D9EF009F3E1A /* MultiThreadingTask.app */;
			productType = "com.apple.product-type.application";
		};
		2CC24DFA2666D9F1009F3E1A /* MultiThreadingTaskTests */ = {
			isa = PBXNativeTarget;
			buildConfigurationList = 2CC24E122666D9F1009F3E1A /* Build configuration list for PBXNativeTarget "MultiThreadingTaskTests" */;
			buildPhases = (
				D782B80C9B3B5A137A39D991 /* [CP] Check Pods Manifest.lock */,
				2CC24DF72666D9F1009F3E1A /* Sources */,
				2CC24DF82666D9F1009F3E1A /* Frameworks */,
				2CC24DF92666D9F1009F3E1A /* Resources */,
			);
			buildRules = (
			);
			dependencies = (
				2CC24DFD2666D9F1009F3E1A /* PBXTargetDependency */,
			);
			name = MultiThreadingTaskTests;
			productName = MultiThreadingTaskTests;
			productReference = 2CC24DFB2666D9F1009F3E1A /* MultiThreadingTaskTests.xctest */;
			productType = "com.apple.product-type.bundle.unit-test";
		};
		2CC24E052666D9F1009F3E1A /* MultiThreadingTaskUITests */ = {
			isa = PBXNativeTarget;
			buildConfigurationList = 2CC24E152666D9F1009F3E1A /* Build configuration list for PBXNativeTarget "MultiThreadingTaskUITests" */;
			buildPhases = (
				F0901833A5FF5F732D4BCF71 /* [CP] Check Pods Manifest.lock */,
				2CC24E022666D9F1009F3E1A /* Sources */,
				2CC24E032666D9F1009F3E1A /* Frameworks */,
				2CC24E042666D9F1009F3E1A /* Resources */,
				9D8996E1987C001FA09A94B4 /* [CP] Embed Pods Frameworks */,
			);
			buildRules = (
			);
			dependencies = (
				2CC24E082666D9F1009F3E1A /* PBXTargetDependency */,
			);
			name = MultiThreadingTaskUITests;
			productName = MultiThreadingTaskUITests;
			productReference = 2CC24E062666D9F1009F3E1A /* MultiThreadingTaskUITests.xctest */;
			productType = "com.apple.product-type.bundle.ui-testing";
		};
/* End PBXNativeTarget section */

/* Begin PBXProject section */
		2CC24DDD2666D9EF009F3E1A /* Project object */ = {
			isa = PBXProject;
			attributes = {
				LastSwiftUpdateCheck = 1210;
				LastUpgradeCheck = 1210;
				TargetAttributes = {
					2CC24DE42666D9EF009F3E1A = {
						CreatedOnToolsVersion = 12.1;
					};
					2CC24DFA2666D9F1009F3E1A = {
						CreatedOnToolsVersion = 12.1;
						TestTargetID = 2CC24DE42666D9EF009F3E1A;
					};
					2CC24E052666D9F1009F3E1A = {
						CreatedOnToolsVersion = 12.1;
						TestTargetID = 2CC24DE42666D9EF009F3E1A;
					};
				};
			};
			buildConfigurationList = 2CC24DE02666D9EF009F3E1A /* Build configuration list for PBXProject "MultiThreadingTask" */;
			compatibilityVersion = "Xcode 9.3";
			developmentRegion = en;
			hasScannedForEncodings = 0;
			knownRegions = (
				en,
				Base,
			);
			mainGroup = 2CC24DDC2666D9EF009F3E1A;
			productRefGroup = 2CC24DE62666D9EF009F3E1A /* Products */;
			projectDirPath = "";
			projectRoot = "";
			targets = (
				2CC24DE42666D9EF009F3E1A /* MultiThreadingTask */,
				2CC24DFA2666D9F1009F3E1A /* MultiThreadingTaskTests */,
				2CC24E052666D9F1009F3E1A /* MultiThreadingTaskUITests */,
			);
		};
/* End PBXProject section */

/* Begin PBXResourcesBuildPhase section */
		2CC24DE32666D9EF009F3E1A /* Resources */ = {
			isa = PBXResourcesBuildPhase;
			buildActionMask = 2147483647;
			files = (
				2CC24E222666DA97009F3E1A /* Main.storyboard in Resources */,
				2CC24DF52666D9F1009F3E1A /* LaunchScreen.storyboard in Resources */,
				2CC24DF22666D9F1009F3E1A /* Assets.xcassets in Resources */,
			);
			runOnlyForDeploymentPostprocessing = 0;
		};
		2CC24DF92666D9F1009F3E1A /* Resources */ = {
			isa = PBXResourcesBuildPhase;
			buildActionMask = 2147483647;
			files = (
			);
			runOnlyForDeploymentPostprocessing = 0;
		};
		2CC24E042666D9F1009F3E1A /* Resources */ = {
			isa = PBXResourcesBuildPhase;
			buildActionMask = 2147483647;
			files = (
			);
			runOnlyForDeploymentPostprocessing = 0;
		};
/* End PBXResourcesBuildPhase section */

/* Begin PBXShellScriptBuildPhase section */
		74DC91F42732CA2CCE515482 /* [CP] Embed Pods Frameworks */ = {
			isa = PBXShellScriptBuildPhase;
			buildActionMask = 2147483647;
			files = (
			);
			inputFileListPaths = (
				"${PODS_ROOT}/Target Support Files/Pods-MultiThreadingTask/Pods-MultiThreadingTask-frameworks-${CONFIGURATION}-input-files.xcfilelist",
			);
			name = "[CP] Embed Pods Frameworks";
			outputFileListPaths = (
				"${PODS_ROOT}/Target Support Files/Pods-MultiThreadingTask/Pods-MultiThreadingTask-frameworks-${CONFIGURATION}-output-files.xcfilelist",
			);
			runOnlyForDeploymentPostprocessing = 0;
			shellPath = /bin/sh;
			shellScript = "\"${PODS_ROOT}/Target Support Files/Pods-MultiThreadingTask/Pods-MultiThreadingTask-frameworks.sh\"\n";
			showEnvVarsInLog = 0;
		};
		7C97136FD74191DF85FABF2A /* [CP] Check Pods Manifest.lock */ = {
			isa = PBXShellScriptBuildPhase;
			buildActionMask = 2147483647;
			files = (
			);
			inputFileListPaths = (
			);
			inputPaths = (
				"${PODS_PODFILE_DIR_PATH}/Podfile.lock",
				"${PODS_ROOT}/Manifest.lock",
			);
			name = "[CP] Check Pods Manifest.lock";
			outputFileListPaths = (
			);
			outputPaths = (
				"$(DERIVED_FILE_DIR)/Pods-MultiThreadingTask-checkManifestLockResult.txt",
			);
			runOnlyForDeploymentPostprocessing = 0;
			shellPath = /bin/sh;
			shellScript = "diff \"${PODS_PODFILE_DIR_PATH}/Podfile.lock\" \"${PODS_ROOT}/Manifest.lock\" > /dev/null\nif [ $? != 0 ] ; then\n    # print error to STDERR\n    echo \"error: The sandbox is not in sync with the Podfile.lock. Run 'pod install' or update your CocoaPods installation.\" >&2\n    exit 1\nfi\n# This output is used by Xcode 'outputs' to avoid re-running this script phase.\necho \"SUCCESS\" > \"${SCRIPT_OUTPUT_FILE_0}\"\n";
			showEnvVarsInLog = 0;
		};
		9D8996E1987C001FA09A94B4 /* [CP] Embed Pods Frameworks */ = {
			isa = PBXShellScriptBuildPhase;
			buildActionMask = 2147483647;
			files = (
			);
			inputFileListPaths = (
				"${PODS_ROOT}/Target Support Files/Pods-MultiThreadingTask-MultiThreadingTaskUITests/Pods-MultiThreadingTask-MultiThreadingTaskUITests-frameworks-${CONFIGURATION}-input-files.xcfilelist",
			);
			name = "[CP] Embed Pods Frameworks";
			outputFileListPaths = (
				"${PODS_ROOT}/Target Support Files/Pods-MultiThreadingTask-MultiThreadingTaskUITests/Pods-MultiThreadingTask-MultiThreadingTaskUITests-frameworks-${CONFIGURATION}-output-files.xcfilelist",
			);
			runOnlyForDeploymentPostprocessing = 0;
			shellPath = /bin/sh;
			shellScript = "\"${PODS_ROOT}/Target Support Files/Pods-MultiThreadingTask-MultiThreadingTaskUITests/Pods-MultiThreadingTask-MultiThreadingTaskUITests-frameworks.sh\"\n";
			showEnvVarsInLog = 0;
		};
		D782B80C9B3B5A137A39D991 /* [CP] Check Pods Manifest.lock */ = {
			isa = PBXShellScriptBuildPhase;
			buildActionMask = 2147483647;
			files = (
			);
			inputFileListPaths = (
			);
			inputPaths = (
				"${PODS_PODFILE_DIR_PATH}/Podfile.lock",
				"${PODS_ROOT}/Manifest.lock",
			);
			name = "[CP] Check Pods Manifest.lock";
			outputFileListPaths = (
			);
			outputPaths = (
				"$(DERIVED_FILE_DIR)/Pods-MultiThreadingTaskTests-checkManifestLockResult.txt",
			);
			runOnlyForDeploymentPostprocessing = 0;
			shellPath = /bin/sh;
			shellScript = "diff \"${PODS_PODFILE_DIR_PATH}/Podfile.lock\" \"${PODS_ROOT}/Manifest.lock\" > /dev/null\nif [ $? != 0 ] ; then\n    # print error to STDERR\n    echo \"error: The sandbox is not in sync with the Podfile.lock. Run 'pod install' or update your CocoaPods installation.\" >&2\n    exit 1\nfi\n# This output is used by Xcode 'outputs' to avoid re-running this script phase.\necho \"SUCCESS\" > \"${SCRIPT_OUTPUT_FILE_0}\"\n";
			showEnvVarsInLog = 0;
		};
		F0901833A5FF5F732D4BCF71 /* [CP] Check Pods Manifest.lock */ = {
			isa = PBXShellScriptBuildPhase;
			buildActionMask = 2147483647;
			files = (
			);
			inputFileListPaths = (
			);
			inputPaths = (
				"${PODS_PODFILE_DIR_PATH}/Podfile.lock",
				"${PODS_ROOT}/Manifest.lock",
			);
			name = "[CP] Check Pods Manifest.lock";
			outputFileListPaths = (
			);
			outputPaths = (
				"$(DERIVED_FILE_DIR)/Pods-MultiThreadingTask-MultiThreadingTaskUITests-checkManifestLockResult.txt",
			);
			runOnlyForDeploymentPostprocessing = 0;
			shellPath = /bin/sh;
			shellScript = "diff \"${PODS_PODFILE_DIR_PATH}/Podfile.lock\" \"${PODS_ROOT}/Manifest.lock\" > /dev/null\nif [ $? != 0 ] ; then\n    # print error to STDERR\n    echo \"error: The sandbox is not in sync with the Podfile.lock. Run 'pod install' or update your CocoaPods installation.\" >&2\n    exit 1\nfi\n# This output is used by Xcode 'outputs' to avoid re-running this script phase.\necho \"SUCCESS\" > \"${SCRIPT_OUTPUT_FILE_0}\"\n";
			showEnvVarsInLog = 0;
		};
/* End PBXShellScriptBuildPhase section */

/* Begin PBXSourcesBuildPhase section */
		2CC24DE12666D9EF009F3E1A /* Sources */ = {
			isa = PBXSourcesBuildPhase;
			buildActionMask = 2147483647;
			files = (
				2CC24E272666DAA0009F3E1A /* ViewController.swift in Sources */,
				2CC24DE92666D9EF009F3E1A /* AppDelegate.swift in Sources */,
				2CC24DEB2666D9EF009F3E1A /* SceneDelegate.swift in Sources */,
			);
			runOnlyForDeploymentPostprocessing = 0;
		};
		2CC24DF72666D9F1009F3E1A /* Sources */ = {
			isa = PBXSourcesBuildPhase;
			buildActionMask = 2147483647;
			files = (
				2CC24E002666D9F1009F3E1A /* MultiThreadingTaskTests.swift in Sources */,
			);
			runOnlyForDeploymentPostprocessing = 0;
		};
		2CC24E022666D9F1009F3E1A /* Sources */ = {
			isa = PBXSourcesBuildPhase;
			buildActionMask = 2147483647;
			files = (
				2CC24E0B2666D9F1009F3E1A /* MultiThreadingTaskUITests.swift in Sources */,
			);
			runOnlyForDeploymentPostprocessing = 0;
		};
/* End PBXSourcesBuildPhase section */

/* Begin PBXTargetDependency section */
		2CC24DFD2666D9F1009F3E1A /* PBXTargetDependency */ = {
			isa = PBXTargetDependency;
			target = 2CC24DE42666D9EF009F3E1A /* MultiThreadingTask */;
			targetProxy = 2CC24DFC2666D9F1009F3E1A /* PBXContainerItemProxy */;
		};
		2CC24E082666D9F1009F3E1A /* PBXTargetDependency */ = {
			isa = PBXTargetDependency;
			target = 2CC24DE42666D9EF009F3E1A /* MultiThreadingTask */;
			targetProxy = 2CC24E072666D9F1009F3E1A /* PBXContainerItemProxy */;
		};
/* End PBXTargetDependency section */

/* Begin PBXVariantGroup section */
		2CC24DF32666D9F1009F3E1A /* LaunchScreen.storyboard */ = {
			isa = PBXVariantGroup;
			children = (
				2CC24DF42666D9F1009F3E1A /* Base */,
			);
			name = LaunchScreen.storyboard;
			sourceTree = "<group>";
		};
/* End PBXVariantGroup section */

/* Begin XCBuildConfiguration section */
		2CC24E0D2666D9F1009F3E1A /* Debug */ = {
			isa = XCBuildConfiguration;
			buildSettings = {
				ALWAYS_SEARCH_USER_PATHS = NO;
				CLANG_ANALYZER_NONNULL = YES;
				CLANG_ANALYZER_NUMBER_OBJECT_CONVERSION = YES_AGGRESSIVE;
				CLANG_CXX_LANGUAGE_STANDARD = "gnu++14";
				CLANG_CXX_LIBRARY = "libc++";
				CLANG_ENABLE_MODULES = YES;
				CLANG_ENABLE_OBJC_ARC = YES;
				CLANG_ENABLE_OBJC_WEAK = YES;
				CLANG_WARN_BLOCK_CAPTURE_AUTORELEASING = YES;
				CLANG_WARN_BOOL_CONVERSION = YES;
				CLANG_WARN_COMMA = YES;
				CLANG_WARN_CONSTANT_CONVERSION = YES;
				CLANG_WARN_DEPRECATED_OBJC_IMPLEMENTATIONS = YES;
				CLANG_WARN_DIRECT_OBJC_ISA_USAGE = YES_ERROR;
				CLANG_WARN_DOCUMENTATION_COMMENTS = YES;
				CLANG_WARN_EMPTY_BODY = YES;
				CLANG_WARN_ENUM_CONVERSION = YES;
				CLANG_WARN_INFINITE_RECURSION = YES;
				CLANG_WARN_INT_CONVERSION = YES;
				CLANG_WARN_NON_LITERAL_NULL_CONVERSION = YES;
				CLANG_WARN_OBJC_IMPLICIT_RETAIN_SELF = YES;
				CLANG_WARN_OBJC_LITERAL_CONVERSION = YES;
				CLANG_WARN_OBJC_ROOT_CLASS = YES_ERROR;
				CLANG_WARN_QUOTED_INCLUDE_IN_FRAMEWORK_HEADER = YES;
				CLANG_WARN_RANGE_LOOP_ANALYSIS = YES;
				CLANG_WARN_STRICT_PROTOTYPES = YES;
				CLANG_WARN_SUSPICIOUS_MOVE = YES;
				CLANG_WARN_UNGUARDED_AVAILABILITY = YES_AGGRESSIVE;
				CLANG_WARN_UNREACHABLE_CODE = YES;
				CLANG_WARN__DUPLICATE_METHOD_MATCH = YES;
				COPY_PHASE_STRIP = NO;
				DEBUG_INFORMATION_FORMAT = dwarf;
				ENABLE_STRICT_OBJC_MSGSEND = YES;
				ENABLE_TESTABILITY = YES;
				GCC_C_LANGUAGE_STANDARD = gnu11;
				GCC_DYNAMIC_NO_PIC = NO;
				GCC_NO_COMMON_BLOCKS = YES;
				GCC_OPTIMIZATION_LEVEL = 0;
				GCC_PREPROCESSOR_DEFINITIONS = (
					"DEBUG=1",
					"$(inherited)",
				);
				GCC_WARN_64_TO_32_BIT_CONVERSION = YES;
				GCC_WARN_ABOUT_RETURN_TYPE = YES_ERROR;
				GCC_WARN_UNDECLARED_SELECTOR = YES;
				GCC_WARN_UNINITIALIZED_AUTOS = YES_AGGRESSIVE;
				GCC_WARN_UNUSED_FUNCTION = YES;
				GCC_WARN_UNUSED_VARIABLE = YES;
				IPHONEOS_DEPLOYMENT_TARGET = 14.1;
				MTL_ENABLE_DEBUG_INFO = INCLUDE_SOURCE;
				MTL_FAST_MATH = YES;
				ONLY_ACTIVE_ARCH = YES;
				SDKROOT = iphoneos;
				SWIFT_ACTIVE_COMPILATION_CONDITIONS = DEBUG;
				SWIFT_OPTIMIZATION_LEVEL = "-Onone";
			};
			name = Debug;
		};
		2CC24E0E2666D9F1009F3E1A /* Release */ = {
			isa = XCBuildConfiguration;
			buildSettings = {
				ALWAYS_SEARCH_USER_PATHS = NO;
				CLANG_ANALYZER_NONNULL = YES;
				CLANG_ANALYZER_NUMBER_OBJECT_CONVERSION = YES_AGGRESSIVE;
				CLANG_CXX_LANGUAGE_STANDARD = "gnu++14";
				CLANG_CXX_LIBRARY = "libc++";
				CLANG_ENABLE_MODULES = YES;
				CLANG_ENABLE_OBJC_ARC = YES;
				CLANG_ENABLE_OBJC_WEAK = YES;
				CLANG_WARN_BLOCK_CAPTURE_AUTORELEASING = YES;
				CLANG_WARN_BOOL_CONVERSION = YES;
				CLANG_WARN_COMMA = YES;
				CLANG_WARN_CONSTANT_CONVERSION = YES;
				CLANG_WARN_DEPRECATED_OBJC_IMPLEMENTATIONS = YES;
				CLANG_WARN_DIRECT_OBJC_ISA_USAGE = YES_ERROR;
				CLANG_WARN_DOCUMENTATION_COMMENTS = YES;
				CLANG_WARN_EMPTY_BODY = YES;
				CLANG_WARN_ENUM_CONVERSION = YES;
				CLANG_WARN_INFINITE_RECURSION = YES;
				CLANG_WARN_INT_CONVERSION = YES;
				CLANG_WARN_NON_LITERAL_NULL_CONVERSION = YES;
				CLANG_WARN_OBJC_IMPLICIT_RETAIN_SELF = YES;
				CLANG_WARN_OBJC_LITERAL_CONVERSION = YES;
				CLANG_WARN_OBJC_ROOT_CLASS = YES_ERROR;
				CLANG_WARN_QUOTED_INCLUDE_IN_FRAMEWORK_HEADER = YES;
				CLANG_WARN_RANGE_LOOP_ANALYSIS = YES;
				CLANG_WARN_STRICT_PROTOTYPES = YES;
				CLANG_WARN_SUSPICIOUS_MOVE = YES;
				CLANG_WARN_UNGUARDED_AVAILABILITY = YES_AGGRESSIVE;
				CLANG_WARN_UNREACHABLE_CODE = YES;
				CLANG_WARN__DUPLICATE_METHOD_MATCH = YES;
				COPY_PHASE_STRIP = NO;
				DEBUG_INFORMATION_FORMAT = "dwarf-with-dsym";
				ENABLE_NS_ASSERTIONS = NO;
				ENABLE_STRICT_OBJC_MSGSEND = YES;
				GCC_C_LANGUAGE_STANDARD = gnu11;
				GCC_NO_COMMON_BLOCKS = YES;
				GCC_WARN_64_TO_32_BIT_CONVERSION = YES;
				GCC_WARN_ABOUT_RETURN_TYPE = YES_ERROR;
				GCC_WARN_UNDECLARED_SELECTOR = YES;
				GCC_WARN_UNINITIALIZED_AUTOS = YES_AGGRESSIVE;
				GCC_WARN_UNUSED_FUNCTION = YES;
				GCC_WARN_UNUSED_VARIABLE = YES;
				IPHONEOS_DEPLOYMENT_TARGET = 14.1;
				MTL_ENABLE_DEBUG_INFO = NO;
				MTL_FAST_MATH = YES;
				SDKROOT = iphoneos;
				SWIFT_COMPILATION_MODE = wholemodule;
				SWIFT_OPTIMIZATION_LEVEL = "-O";
				VALIDATE_PRODUCT = YES;
			};
			name = Release;
		};
		2CC24E102666D9F1009F3E1A /* Debug */ = {
			isa = XCBuildConfiguration;
			baseConfigurationReference = B3FC398C7C7FD6B5AA2B1334 /* Pods-MultiThreadingTask.debug.xcconfig */;
			buildSettings = {
				ASSETCATALOG_COMPILER_APPICON_NAME = AppIcon;
				ASSETCATALOG_COMPILER_GLOBAL_ACCENT_COLOR_NAME = AccentColor;
				CODE_SIGN_STYLE = Automatic;
				INFOPLIST_FILE = MultiThreadingTask/Info.plist;
				LD_RUNPATH_SEARCH_PATHS = (
					"$(inherited)",
					"@executable_path/Frameworks",
				);
				PRODUCT_BUNDLE_IDENTIFIER = wantech.MultiThreadingTask;
				PRODUCT_NAME = "$(TARGET_NAME)";
				SWIFT_VERSION = 5.0;
				TARGETED_DEVICE_FAMILY = "1,2";
			};
			name = Debug;
		};
		2CC24E112666D9F1009F3E1A /* Release */ = {
			isa = XCBuildConfiguration;
			baseConfigurationReference = 7B2809186144652419527B4A /* Pods-MultiThreadingTask.release.xcconfig */;
			buildSettings = {
				ASSETCATALOG_COMPILER_APPICON_NAME = AppIcon;
				ASSETCATALOG_COMPILER_GLOBAL_ACCENT_COLOR_NAME = AccentColor;
				CODE_SIGN_STYLE = Automatic;
				INFOPLIST_FILE = MultiThreadingTask/Info.plist;
				LD_RUNPATH_SEARCH_PATHS = (
					"$(inherited)",
					"@executable_path/Frameworks",
				);
				PRODUCT_BUNDLE_IDENTIFIER = wantech.MultiThreadingTask;
				PRODUCT_NAME = "$(TARGET_NAME)";
				SWIFT_VERSION = 5.0;
				TARGETED_DEVICE_FAMILY = "1,2";
			};
			name = Release;
		};
		2CC24E132666D9F1009F3E1A /* Debug */ = {
			isa = XCBuildConfiguration;
			baseConfigurationReference = 9B25F71F37E2128D7781ED0C /* Pods-MultiThreadingTaskTests.debug.xcconfig */;
			buildSettings = {
				ALWAYS_EMBED_SWIFT_STANDARD_LIBRARIES = YES;
				BUNDLE_LOADER = "$(TEST_HOST)";
				CODE_SIGN_STYLE = Automatic;
				INFOPLIST_FILE = MultiThreadingTaskTests/Info.plist;
				IPHONEOS_DEPLOYMENT_TARGET = 14.1;
				LD_RUNPATH_SEARCH_PATHS = (
					"$(inherited)",
					"@executable_path/Frameworks",
					"@loader_path/Frameworks",
				);
				PRODUCT_BUNDLE_IDENTIFIER = wantech.MultiThreadingTaskTests;
				PRODUCT_NAME = "$(TARGET_NAME)";
				SWIFT_VERSION = 5.0;
				TARGETED_DEVICE_FAMILY = "1,2";
				TEST_HOST = "$(BUILT_PRODUCTS_DIR)/MultiThreadingTask.app/MultiThreadingTask";
			};
			name = Debug;
		};
		2CC24E142666D9F1009F3E1A /* Release */ = {
			isa = XCBuildConfiguration;
			baseConfigurationReference = 11F161201E1C0BF3572236FC /* Pods-MultiThreadingTaskTests.release.xcconfig */;
			buildSettings = {
				ALWAYS_EMBED_SWIFT_STANDARD_LIBRARIES = YES;
				BUNDLE_LOADER = "$(TEST_HOST)";
				CODE_SIGN_STYLE = Automatic;
				INFOPLIST_FILE = MultiThreadingTaskTests/Info.plist;
				IPHONEOS_DEPLOYMENT_TARGET = 14.1;
				LD_RUNPATH_SEARCH_PATHS = (
					"$(inherited)",
					"@executable_path/Frameworks",
					"@loader_path/Frameworks",
				);
				PRODUCT_BUNDLE_IDENTIFIER = wantech.MultiThreadingTaskTests;
				PRODUCT_NAME = "$(TARGET_NAME)";
				SWIFT_VERSION = 5.0;
				TARGETED_DEVICE_FAMILY = "1,2";
				TEST_HOST = "$(BUILT_PRODUCTS_DIR)/MultiThreadingTask.app/MultiThreadingTask";
			};
			name = Release;
		};
		2CC24E162666D9F1009F3E1A /* Debug */ = {
			isa = XCBuildConfiguration;
			baseConfigurationReference = 03CF6D9B24EB7716871F3BB0 /* Pods-MultiThreadingTask-MultiThreadingTaskUITests.debug.xcconfig */;
			buildSettings = {
				ALWAYS_EMBED_SWIFT_STANDARD_LIBRARIES = YES;
				CODE_SIGN_STYLE = Automatic;
				INFOPLIST_FILE = MultiThreadingTaskUITests/Info.plist;
				LD_RUNPATH_SEARCH_PATHS = (
					"$(inherited)",
					"@executable_path/Frameworks",
					"@loader_path/Frameworks",
				);
				PRODUCT_BUNDLE_IDENTIFIER = wantech.MultiThreadingTaskUITests;
				PRODUCT_NAME = "$(TARGET_NAME)";
				SWIFT_VERSION = 5.0;
				TARGETED_DEVICE_FAMILY = "1,2";
				TEST_TARGET_NAME = MultiThreadingTask;
			};
			name = Debug;
		};
		2CC24E172666D9F1009F3E1A /* Release */ = {
			isa = XCBuildConfiguration;
			baseConfigurationReference = C15D28ADCD370EC511447546 /* Pods-MultiThreadingTask-MultiThreadingTaskUITests.release.xcconfig */;
			buildSettings = {
				ALWAYS_EMBED_SWIFT_STANDARD_LIBRARIES = YES;
				CODE_SIGN_STYLE = Automatic;
				INFOPLIST_FILE = MultiThreadingTaskUITests/Info.plist;
				LD_RUNPATH_SEARCH_PATHS = (
					"$(inherited)",
					"@executable_path/Frameworks",
					"@loader_path/Frameworks",
				);
				PRODUCT_BUNDLE_IDENTIFIER = wantech.MultiThreadingTaskUITests;
				PRODUCT_NAME = "$(TARGET_NAME)";
				SWIFT_VERSION = 5.0;
				TARGETED_DEVICE_FAMILY = "1,2";
				TEST_TARGET_NAME = MultiThreadingTask;
			};
			name = Release;
		};
/* End XCBuildConfiguration section */

/* Begin XCConfigurationList section */
		2CC24DE02666D9EF009F3E1A /* Build configuration list for PBXProject "MultiThreadingTask" */ = {
			isa = XCConfigurationList;
			buildConfigurations = (
				2CC24E0D2666D9F1009F3E1A /* Debug */,
				2CC24E0E2666D9F1009F3E1A /* Release */,
			);
			defaultConfigurationIsVisible = 0;
			defaultConfigurationName = Release;
		};
		2CC24E0F2666D9F1009F3E1A /* Build configuration list for PBXNativeTarget "MultiThreadingTask" */ = {
			isa = XCConfigurationList;
			buildConfigurations = (
				2CC24E102666D9F1009F3E1A /* Debug */,
				2CC24E112666D9F1009F3E1A /* Release */,
			);
			defaultConfigurationIsVisible = 0;
			defaultConfigurationName = Release;
		};
		2CC24E122666D9F1009F3E1A /* Build configuration list for PBXNativeTarget "MultiThreadingTaskTests" */ = {
			isa = XCConfigurationList;
			buildConfigurations = (
				2CC24E132666D9F1009F3E1A /* Debug */,
				2CC24E142666D9F1009F3E1A /* Release */,
			);
			defaultConfigurationIsVisible = 0;
			defaultConfigurationName = Release;
		};
		2CC24E152666D9F1009F3E1A /* Build configuration list for PBXNativeTarget "MultiThreadingTaskUITests" */ = {
			isa = XCConfigurationList;
			buildConfigurations = (
				2CC24E162666D9F1009F3E1A /* Debug */,
				2CC24E172666D9F1009F3E1A /* Release */,
			);
			defaultConfigurationIsVisible = 0;
			defaultConfigurationName = Release;
		};
/* End XCConfigurationList section */
	};
	rootObject = 2CC24DDD2666D9EF009F3E1A /* Project object */;
}
